{
  "version": 4,
  "terraform_version": "0.13.5",
  "serial": 227,
  "lineage": "c202f55a-9e43-e8ff-b3df-d361c12268da",
  "outputs": {},
  "resources": [
    {
      "mode": "data",
      "type": "nsxt_policy_edge_cluster",
      "name": "edge_cluster",
      "provider": "provider[\"registry.terraform.io/vmware/nsxt\"]",
      "instances": [
        {
          "schema_version": 0,
          "attributes": {
            "description": "pytf04 Edge Cluster",
            "display_name": "okr01-c01-pytf04-01",
            "id": "6a12b978-54a8-4c69-9279-b5f77708cbc9",
            "path": "/infra/sites/default/enforcement-points/default/edge-clusters/6a12b978-54a8-4c69-9279-b5f77708cbc9",
            "site_path": null
          }
        }
      ]
    },
    {
      "mode": "data",
      "type": "nsxt_policy_edge_node",
      "name": "node1",
      "provider": "provider[\"registry.terraform.io/vmware/nsxt\"]",
      "instances": [
        {
          "schema_version": 0,
          "attributes": {
            "description": "",
            "display_name": "okr01-c01-pytf04-01",
            "edge_cluster_path": "/infra/sites/default/enforcement-points/default/edge-clusters/6a12b978-54a8-4c69-9279-b5f77708cbc9",
            "id": "1",
            "member_index": null,
            "path": "/infra/sites/default/enforcement-points/default/edge-clusters/6a12b978-54a8-4c69-9279-b5f77708cbc9/edge-nodes/1"
          }
        }
      ]
    },
    {
      "mode": "data",
      "type": "nsxt_policy_edge_node",
      "name": "node2",
      "provider": "provider[\"registry.terraform.io/vmware/nsxt\"]",
      "instances": [
        {
          "schema_version": 0,
          "attributes": {
            "description": "",
            "display_name": "okr01-c01-pytf04-02",
            "edge_cluster_path": "/infra/sites/default/enforcement-points/default/edge-clusters/6a12b978-54a8-4c69-9279-b5f77708cbc9",
            "id": "0",
            "member_index": null,
            "path": "/infra/sites/default/enforcement-points/default/edge-clusters/6a12b978-54a8-4c69-9279-b5f77708cbc9/edge-nodes/0"
          }
        }
      ]
    },
    {
      "mode": "data",
      "type": "nsxt_policy_tier0_gateway",
      "name": "t0_gateway",
      "provider": "provider[\"registry.terraform.io/vmware/nsxt\"]",
      "instances": [
        {
          "schema_version": 0,
          "attributes": {
            "description": "",
            "display_name": "okr01-c01-jks02-t0",
            "edge_cluster_path": "/infra/sites/default/enforcement-points/default/edge-clusters/f625dce9-25d3-41b3-b9a0-2d8df2f1fdf7",
            "id": "okr01-c01-jks02-t0",
            "path": "/infra/tier-0s/okr01-c01-jks02-t0"
          }
        }
      ]
    },
    {
      "mode": "data",
      "type": "nsxt_policy_transport_zone",
      "name": "overlay_tz",
      "provider": "provider[\"registry.terraform.io/vmware/nsxt\"]",
      "instances": [
        {
          "schema_version": 0,
          "attributes": {
            "description": "Compute Overlay Transport Zone",
            "display_name": "comp-overlay-tz",
            "id": "e61b02d4-b31c-48f2-b5bb-3a56f2ac3c05",
            "is_default": false,
            "path": "/infra/sites/default/enforcement-points/default/transport-zones/e61b02d4-b31c-48f2-b5bb-3a56f2ac3c05",
            "site_path": null,
            "transport_type": "OVERLAY_STANDARD"
          }
        }
      ]
    },
    {
      "mode": "data",
      "type": "nsxt_policy_transport_zone",
      "name": "vlan_tz",
      "provider": "provider[\"registry.terraform.io/vmware/nsxt\"]",
      "instances": [
        {
          "schema_version": 0,
          "attributes": {
            "description": "Compute VLAN Transport Zone",
            "display_name": "comp-vlan-tz",
            "id": "fe6e11a9-d41c-4fef-a9b7-f150e7609792",
            "is_default": false,
            "path": "/infra/sites/default/enforcement-points/default/transport-zones/fe6e11a9-d41c-4fef-a9b7-f150e7609792",
            "site_path": null,
            "transport_type": "VLAN_BACKED"
          }
        }
      ]
    },
    {
      "mode": "managed",
      "type": "nsxt_policy_dhcp_server",
      "name": "t_dhcp",
      "provider": "provider[\"registry.terraform.io/vmware/nsxt\"]",
      "instances": [
        {
          "schema_version": 0,
          "attributes": {
            "description": "pytf04 DHCP server deployment using Terraform",
            "display_name": "okr01-c01-pytf04-dhcpd",
            "edge_cluster_path": "/infra/sites/default/enforcement-points/default/edge-clusters/6a12b978-54a8-4c69-9279-b5f77708cbc9",
            "id": "443289b9-9bf7-4bb8-bb82-07e61e2d5625",
            "lease_time": 86400,
            "nsx_id": "443289b9-9bf7-4bb8-bb82-07e61e2d5625",
            "path": "/infra/dhcp-server-configs/443289b9-9bf7-4bb8-bb82-07e61e2d5625",
            "preferred_edge_paths": null,
            "revision": 0,
            "server_addresses": [
              "10.1.1.2/24"
            ],
            "tag": []
          },
          "private": "bnVsbA==",
          "dependencies": [
            "data.nsxt_policy_edge_cluster.edge_cluster"
          ]
        }
      ]
    },
    {
      "mode": "managed",
      "type": "nsxt_policy_segment",
      "name": "dev",
      "provider": "provider[\"registry.terraform.io/vmware/nsxt\"]",
      "instances": [
        {
          "schema_version": 0,
          "attributes": {
            "advanced_config": [],
            "connectivity_path": "/infra/tier-1s/ee3ba00e-0c76-424a-9532-0fcd3f5f0e57",
            "description": "Test production segment deployment using Terraform",
            "dhcp_config_path": "",
            "discovery_profile": [],
            "display_name": "okr01-c01-pytf04seg-dev",
            "domain_name": "",
            "id": "97b1890e-53d6-4fce-8fc5-3cdaa1d91a9d",
            "l2_extension": [],
            "nsx_id": "97b1890e-53d6-4fce-8fc5-3cdaa1d91a9d",
            "overlay_id": null,
            "path": "/infra/segments/97b1890e-53d6-4fce-8fc5-3cdaa1d91a9d",
            "qos_profile": [],
            "revision": 0,
            "security_profile": [],
            "subnet": [
              {
                "cidr": "192.168.163.1/24",
                "dhcp_ranges": [
                  "192.168.163.32-192.168.163.254"
                ],
                "dhcp_v4_config": [
                  {
                    "dhcp_generic_option": [],
                    "dhcp_option_121": [],
                    "dns_servers": null,
                    "lease_time": 86400,
                    "server_address": "192.168.163.5/24"
                  }
                ],
                "dhcp_v6_config": [],
                "network": "192.168.163.0/24"
              }
            ],
            "tag": [
              {
                "scope": "tier",
                "tag": "dev"
              }
            ],
            "transport_zone_path": "/infra/sites/default/enforcement-points/default/transport-zones/e61b02d4-b31c-48f2-b5bb-3a56f2ac3c05",
            "vlan_ids": null
          },
          "private": "bnVsbA==",
          "dependencies": [
            "data.nsxt_policy_edge_cluster.edge_cluster",
            "data.nsxt_policy_transport_zone.overlay_tz",
            "nsxt_policy_dhcp_server.t_dhcp",
            "nsxt_policy_tier0_gateway.t_t0",
            "nsxt_policy_tier1_gateway.t1_dev"
          ]
        }
      ]
    },
    {
      "mode": "managed",
      "type": "nsxt_policy_segment",
      "name": "prod",
      "provider": "provider[\"registry.terraform.io/vmware/nsxt\"]",
      "instances": [
        {
          "schema_version": 0,
          "attributes": {
            "advanced_config": [],
            "connectivity_path": "/infra/tier-1s/111fecb3-81e1-44ca-8c5d-3c649ff3af5f",
            "description": "Test production segment deployment using Terraform",
            "dhcp_config_path": "",
            "discovery_profile": [],
            "display_name": "okr01-c01-pytf04seg-prod",
            "domain_name": "",
            "id": "0823f747-7019-4348-b6b1-586f600c429b",
            "l2_extension": [],
            "nsx_id": "0823f747-7019-4348-b6b1-586f600c429b",
            "overlay_id": null,
            "path": "/infra/segments/0823f747-7019-4348-b6b1-586f600c429b",
            "qos_profile": [],
            "revision": 0,
            "security_profile": [],
            "subnet": [
              {
                "cidr": "192.168.162.1/24",
                "dhcp_ranges": [
                  "192.168.162.32-192.168.162.254"
                ],
                "dhcp_v4_config": [
                  {
                    "dhcp_generic_option": [],
                    "dhcp_option_121": [],
                    "dns_servers": null,
                    "lease_time": 86400,
                    "server_address": "192.168.162.5/24"
                  }
                ],
                "dhcp_v6_config": [],
                "network": "192.168.162.0/24"
              }
            ],
            "tag": [
              {
                "scope": "tier",
                "tag": "prod"
              }
            ],
            "transport_zone_path": "/infra/sites/default/enforcement-points/default/transport-zones/e61b02d4-b31c-48f2-b5bb-3a56f2ac3c05",
            "vlan_ids": null
          },
          "private": "bnVsbA==",
          "dependencies": [
            "data.nsxt_policy_edge_cluster.edge_cluster",
            "data.nsxt_policy_transport_zone.overlay_tz",
            "nsxt_policy_dhcp_server.t_dhcp",
            "nsxt_policy_tier0_gateway.t_t0",
            "nsxt_policy_tier1_gateway.t1_prod"
          ]
        }
      ]
    },
    {
      "mode": "managed",
      "type": "nsxt_policy_tier0_gateway",
      "name": "t_t0",
      "provider": "provider[\"registry.terraform.io/vmware/nsxt\"]",
      "instances": [
        {
          "schema_version": 0,
          "attributes": {
            "bgp_config": [
              {
                "ecmp": false,
                "enabled": true,
                "graceful_restart_mode": "HELPER_ONLY",
                "graceful_restart_stale_route_timer": 600,
                "graceful_restart_timer": 180,
                "inter_sr_ibgp": false,
                "local_as_num": "65102",
                "multipath_relax": false,
                "path": "/infra/tier-0s/898add55-a403-42ae-a783-8228d7b69625/locale-services/default/bgp",
                "revision": 1,
                "route_aggregation": [],
                "tag": []
              }
            ],
            "default_rule_logging": false,
            "description": "pytf04Tier-0 provisioned by Terraform",
            "dhcp_config_path": null,
            "display_name": "pytf04TF_Tier0",
            "edge_cluster_path": "/infra/sites/default/enforcement-points/default/edge-clusters/6a12b978-54a8-4c69-9279-b5f77708cbc9",
            "enable_firewall": false,
            "failover_mode": "NON_PREEMPTIVE",
            "force_whitelisting": true,
            "ha_mode": "ACTIVE_STANDBY",
            "id": "898add55-a403-42ae-a783-8228d7b69625",
            "internal_transit_subnets": [
              "169.254.0.0/24"
            ],
            "intersite_config": null,
            "ipv6_dad_profile_path": "/infra/ipv6-dad-profiles/default",
            "ipv6_ndra_profile_path": "/infra/ipv6-ndra-profiles/default",
            "locale_service": [],
            "nsx_id": "898add55-a403-42ae-a783-8228d7b69625",
            "path": "/infra/tier-0s/898add55-a403-42ae-a783-8228d7b69625",
            "redistribution_config": [],
            "revision": 0,
            "tag": [],
            "transit_subnets": [
              "100.64.0.0/16"
            ],
            "vrf_config": []
          },
          "private": "bnVsbA==",
          "dependencies": [
            "data.nsxt_policy_edge_cluster.edge_cluster"
          ]
        }
      ]
    },
    {
      "mode": "managed",
      "type": "nsxt_policy_tier0_gateway_interface",
      "name": "t_t0_int1",
      "provider": "provider[\"registry.terraform.io/vmware/nsxt\"]",
      "instances": [
        {
          "schema_version": 0,
          "attributes": {
            "access_vlan_id": null,
            "description": "pytf04 T0 interface 1 provisioned by Terraform",
            "display_name": "to-provider-01",
            "edge_node_path": "/infra/sites/default/enforcement-points/default/edge-clusters/6a12b978-54a8-4c69-9279-b5f77708cbc9/edge-nodes/1",
            "enable_pim": false,
            "gateway_path": "/infra/tier-0s/898add55-a403-42ae-a783-8228d7b69625",
            "id": "778b82c6-643c-4f25-98e2-e81a6e73cf3f",
            "ip_addresses": [
              "192.168.164.54"
            ],
            "ipv6_ndra_profile_path": null,
            "locale_service_id": "default",
            "mtu": 1500,
            "nsx_id": "778b82c6-643c-4f25-98e2-e81a6e73cf3f",
            "path": "/infra/tier-0s/898add55-a403-42ae-a783-8228d7b69625/locale-services/default/interfaces/778b82c6-643c-4f25-98e2-e81a6e73cf3f",
            "revision": 0,
            "segment_path": "/infra/segments/okr01-c01-tenant-uplinks",
            "site_path": null,
            "subnets": [
              "192.168.164.54/24"
            ],
            "tag": [],
            "type": "EXTERNAL",
            "urpf_mode": "STRICT"
          },
          "private": "bnVsbA==",
          "dependencies": [
            "data.nsxt_policy_edge_cluster.edge_cluster",
            "data.nsxt_policy_edge_node.node1",
            "nsxt_policy_tier0_gateway.t_t0"
          ]
        }
      ]
    },
    {
      "mode": "managed",
      "type": "nsxt_policy_tier0_gateway_interface",
      "name": "t_t0_int2",
      "provider": "provider[\"registry.terraform.io/vmware/nsxt\"]",
      "instances": [
        {
          "schema_version": 0,
          "attributes": {
            "access_vlan_id": null,
            "description": "pytf04 interface 2 provisioned by Terraform",
            "display_name": "to-provider-02",
            "edge_node_path": "/infra/sites/default/enforcement-points/default/edge-clusters/6a12b978-54a8-4c69-9279-b5f77708cbc9/edge-nodes/0",
            "enable_pim": false,
            "gateway_path": "/infra/tier-0s/898add55-a403-42ae-a783-8228d7b69625",
            "id": "75381f6c-2add-4fb4-a7d1-9c8163b0d52c",
            "ip_addresses": [
              "192.168.165.54"
            ],
            "ipv6_ndra_profile_path": null,
            "locale_service_id": "default",
            "mtu": 1500,
            "nsx_id": "75381f6c-2add-4fb4-a7d1-9c8163b0d52c",
            "path": "/infra/tier-0s/898add55-a403-42ae-a783-8228d7b69625/locale-services/default/interfaces/75381f6c-2add-4fb4-a7d1-9c8163b0d52c",
            "revision": 0,
            "segment_path": "/infra/segments/okr01-c01-tenant-uplink02",
            "site_path": null,
            "subnets": [
              "192.168.165.54/24"
            ],
            "tag": [],
            "type": "EXTERNAL",
            "urpf_mode": "STRICT"
          },
          "private": "bnVsbA==",
          "dependencies": [
            "data.nsxt_policy_edge_cluster.edge_cluster",
            "data.nsxt_policy_edge_node.node2",
            "nsxt_policy_tier0_gateway.t_t0"
          ]
        }
      ]
    },
    {
      "mode": "managed",
      "type": "nsxt_policy_tier1_gateway",
      "name": "t1_dev",
      "provider": "provider[\"registry.terraform.io/vmware/nsxt\"]",
      "instances": [
        {
          "schema_version": 0,
          "attributes": {
            "default_rule_logging": false,
            "description": "pytf04 Tier1 provisioned by Terraform",
            "dhcp_config_path": "/infra/dhcp-server-configs/443289b9-9bf7-4bb8-bb82-07e61e2d5625",
            "display_name": "okr01-c01-pytf04-t1-dev",
            "edge_cluster_path": "/infra/sites/default/enforcement-points/default/edge-clusters/6a12b978-54a8-4c69-9279-b5f77708cbc9",
            "egress_qos_profile_path": null,
            "enable_firewall": true,
            "enable_standby_relocation": false,
            "failover_mode": "PREEMPTIVE",
            "force_whitelisting": false,
            "id": "ee3ba00e-0c76-424a-9532-0fcd3f5f0e57",
            "ingress_qos_profile_path": null,
            "intersite_config": null,
            "ipv6_dad_profile_path": "/infra/ipv6-dad-profiles/default",
            "ipv6_ndra_profile_path": "/infra/ipv6-ndra-profiles/default",
            "locale_service": [],
            "nsx_id": "ee3ba00e-0c76-424a-9532-0fcd3f5f0e57",
            "path": "/infra/tier-1s/ee3ba00e-0c76-424a-9532-0fcd3f5f0e57",
            "pool_allocation": "ROUTING",
            "revision": 0,
            "route_advertisement_rule": [],
            "route_advertisement_types": [
              "TIER1_CONNECTED"
            ],
            "tag": [],
            "tier0_path": "/infra/tier-0s/898add55-a403-42ae-a783-8228d7b69625"
          },
          "private": "bnVsbA==",
          "dependencies": [
            "data.nsxt_policy_edge_cluster.edge_cluster",
            "nsxt_policy_dhcp_server.t_dhcp",
            "nsxt_policy_tier0_gateway.t_t0"
          ]
        }
      ]
    },
    {
      "mode": "managed",
      "type": "nsxt_policy_tier1_gateway",
      "name": "t1_prod",
      "provider": "provider[\"registry.terraform.io/vmware/nsxt\"]",
      "instances": [
        {
          "schema_version": 0,
          "attributes": {
            "default_rule_logging": false,
            "description": "pytf04 Tier1 provisioned by Terraform",
            "dhcp_config_path": "/infra/dhcp-server-configs/443289b9-9bf7-4bb8-bb82-07e61e2d5625",
            "display_name": "okr01-c01-pytf04-t1-prod",
            "edge_cluster_path": "/infra/sites/default/enforcement-points/default/edge-clusters/6a12b978-54a8-4c69-9279-b5f77708cbc9",
            "egress_qos_profile_path": null,
            "enable_firewall": true,
            "enable_standby_relocation": false,
            "failover_mode": "PREEMPTIVE",
            "force_whitelisting": false,
            "id": "111fecb3-81e1-44ca-8c5d-3c649ff3af5f",
            "ingress_qos_profile_path": null,
            "intersite_config": null,
            "ipv6_dad_profile_path": "/infra/ipv6-dad-profiles/default",
            "ipv6_ndra_profile_path": "/infra/ipv6-ndra-profiles/default",
            "locale_service": [],
            "nsx_id": "111fecb3-81e1-44ca-8c5d-3c649ff3af5f",
            "path": "/infra/tier-1s/111fecb3-81e1-44ca-8c5d-3c649ff3af5f",
            "pool_allocation": "ROUTING",
            "revision": 0,
            "route_advertisement_rule": [],
            "route_advertisement_types": [
              "TIER1_CONNECTED"
            ],
            "tag": [],
            "tier0_path": "/infra/tier-0s/898add55-a403-42ae-a783-8228d7b69625"
          },
          "private": "bnVsbA==",
          "dependencies": [
            "data.nsxt_policy_edge_cluster.edge_cluster",
            "nsxt_policy_dhcp_server.t_dhcp",
            "nsxt_policy_tier0_gateway.t_t0"
          ]
        }
      ]
    }
  ]
}
